
Microsoft Visual Studio Solution File, Format Version 12.00
# Visual Studio Version 16
VisualStudioVersion = 16.0.29609.76
MinimumVisualStudioVersion = 10.0.40219.1
Project("{8BC9CEB8-8B4A-11D0-8D11-00A0C91BC942}") = "00_HellowPhysX", "00_HellowPhysX\00_HellowPhysX.vcxproj", "{5909B49C-0E35-45B6-A2AE-9DBAB637F448}"
EndProject
Project("{8BC9CEB8-8B4A-11D0-8D11-00A0C91BC942}") = "01_Joint", "01_Joint\01_Joint.vcxproj", "{61BB0D8D-1A2F-4246-A80D-35657C3D84F4}"
EndProject
Project("{8BC9CEB8-8B4A-11D0-8D11-00A0C91BC942}") = "02_MBP", "02_MBP\02_MBP.vcxproj", "{9BE561F3-883D-4C15-A854-899602FEE9CC}"
EndProject
Project("{8BC9CEB8-8B4A-11D0-8D11-00A0C91BC942}") = "03_SplitFetchResults", "03_SplitFetchResults\03_SplitFetchResults.vcxproj", "{9459F4C1-B17D-478C-B7E9-16FEF2BBAF99}"
EndProject
Project("{8BC9CEB8-8B4A-11D0-8D11-00A0C91BC942}") = "04_CustomJoint", "04_CustomJoint\04_CustomJoint.vcxproj", "{4E5F4DD9-3394-44F4-BAD1-0C23168270B9}"
EndProject
Global
	GlobalSection(SolutionConfigurationPlatforms) = preSolution
		Debug|x64 = Debug|x64
		Debug|x86 = Debug|x86
		Release|x64 = Release|x64
		Release|x86 = Release|x86
	EndGlobalSection
	GlobalSection(ProjectConfigurationPlatforms) = postSolution
		{5909B49C-0E35-45B6-A2AE-9DBAB637F448}.Debug|x64.ActiveCfg = Debug|x64
		{5909B49C-0E35-45B6-A2AE-9DBAB637F448}.Debug|x64.Build.0 = Debug|x64
		{5909B49C-0E35-45B6-A2AE-9DBAB637F448}.Debug|x86.ActiveCfg = Debug|Win32
		{5909B49C-0E35-45B6-A2AE-9DBAB637F448}.Debug|x86.Build.0 = Debug|Win32
		{5909B49C-0E35-45B6-A2AE-9DBAB637F448}.Release|x64.ActiveCfg = Release|x64
		{5909B49C-0E35-45B6-A2AE-9DBAB637F448}.Release|x64.Build.0 = Release|x64
		{5909B49C-0E35-45B6-A2AE-9DBAB637F448}.Release|x86.ActiveCfg = Release|Win32
		{5909B49C-0E35-45B6-A2AE-9DBAB637F448}.Release|x86.Build.0 = Release|Win32
		{61BB0D8D-1A2F-4246-A80D-35657C3D84F4}.Debug|x64.ActiveCfg = Debug|x64
		{61BB0D8D-1A2F-4246-A80D-35657C3D84F4}.Debug|x64.Build.0 = Debug|x64
		{61BB0D8D-1A2F-4246-A80D-35657C3D84F4}.Debug|x86.ActiveCfg = Debug|Win32
		{61BB0D8D-1A2F-4246-A80D-35657C3D84F4}.Debug|x86.Build.0 = Debug|Win32
		{61BB0D8D-1A2F-4246-A80D-35657C3D84F4}.Release|x64.ActiveCfg = Release|x64
		{61BB0D8D-1A2F-4246-A80D-35657C3D84F4}.Release|x64.Build.0 = Release|x64
		{61BB0D8D-1A2F-4246-A80D-35657C3D84F4}.Release|x86.ActiveCfg = Release|Win32
		{61BB0D8D-1A2F-4246-A80D-35657C3D84F4}.Release|x86.Build.0 = Release|Win32
		{9BE561F3-883D-4C15-A854-899602FEE9CC}.Debug|x64.ActiveCfg = Debug|x64
		{9BE561F3-883D-4C15-A854-899602FEE9CC}.Debug|x64.Build.0 = Debug|x64
		{9BE561F3-883D-4C15-A854-899602FEE9CC}.Debug|x86.ActiveCfg = Debug|Win32
		{9BE561F3-883D-4C15-A854-899602FEE9CC}.Debug|x86.Build.0 = Debug|Win32
		{9BE561F3-883D-4C15-A854-899602FEE9CC}.Release|x64.ActiveCfg = Release|x64
		{9BE561F3-883D-4C15-A854-899602FEE9CC}.Release|x64.Build.0 = Release|x64
		{9BE561F3-883D-4C15-A854-899602FEE9CC}.Release|x86.ActiveCfg = Release|Win32
		{9BE561F3-883D-4C15-A854-899602FEE9CC}.Release|x86.Build.0 = Release|Win32
		{9459F4C1-B17D-478C-B7E9-16FEF2BBAF99}.Debug|x64.ActiveCfg = Debug|x64
		{9459F4C1-B17D-478C-B7E9-16FEF2BBAF99}.Debug|x64.Build.0 = Debug|x64
		{9459F4C1-B17D-478C-B7E9-16FEF2BBAF99}.Debug|x86.ActiveCfg = Debug|Win32
		{9459F4C1-B17D-478C-B7E9-16FEF2BBAF99}.Debug|x86.Build.0 = Debug|Win32
		{9459F4C1-B17D-478C-B7E9-16FEF2BBAF99}.Release|x64.ActiveCfg = Release|x64
		{9459F4C1-B17D-478C-B7E9-16FEF2BBAF99}.Release|x64.Build.0 = Release|x64
		{9459F4C1-B17D-478C-B7E9-16FEF2BBAF99}.Release|x86.ActiveCfg = Release|Win32
		{9459F4C1-B17D-478C-B7E9-16FEF2BBAF99}.Release|x86.Build.0 = Release|Win32
		{4E5F4DD9-3394-44F4-BAD1-0C23168270B9}.Debug|x64.ActiveCfg = Debug|x64
		{4E5F4DD9-3394-44F4-BAD1-0C23168270B9}.Debug|x64.Build.0 = Debug|x64
		{4E5F4DD9-3394-44F4-BAD1-0C23168270B9}.Debug|x86.ActiveCfg = Debug|Win32
		{4E5F4DD9-3394-44F4-BAD1-0C23168270B9}.Debug|x86.Build.0 = Debug|Win32
		{4E5F4DD9-3394-44F4-BAD1-0C23168270B9}.Release|x64.ActiveCfg = Release|x64
		{4E5F4DD9-3394-44F4-BAD1-0C23168270B9}.Release|x64.Build.0 = Release|x64
		{4E5F4DD9-3394-44F4-BAD1-0C23168270B9}.Release|x86.ActiveCfg = Release|Win32
		{4E5F4DD9-3394-44F4-BAD1-0C23168270B9}.Release|x86.Build.0 = Release|Win32
	EndGlobalSection
	GlobalSection(SolutionProperties) = preSolution
		HideSolutionNode = FALSE
	EndGlobalSection
	GlobalSection(ExtensibilityGlobals) = postSolution
		SolutionGuid = {B4ADB6B9-3465-47FC-B278-23E0B0590AB5}
	EndGlobalSection
EndGlobal
